lockfileVersion: '6.0'

settings:
  autoInstallPeers: true
  excludeLinksFromLockfile: false

onlyBuiltDependencies: []

dependencies:
  prettier:
    specifier: ^3.8.1
    version: 3.9.4
  tree-sitter:
    specifier: ^0.21.1
    version: 0.21.1

devDependencies:
  tree-sitter-cli:
    specifier: ^0.24.0
    version: 0.24.7

packages:

  /node-addon-api@8.9.0:
    resolution: {integrity: sha512-ekZMeaaIzSQTSpr7X2X3iJM7lTzgnx8ahAG9pJfT/7+14mlEM8ZYQ9cgCDvSSRbReFK0oHli3WrZdCiRsgAT9Q==}
    engines: {node: ^18 || ^20 || >= 21}
    dev: false

  /node-gyp-build@4.8.4:
    resolution: {integrity: sha512-LA4ZjwlnUblHVgq0oBF3Jl/6h/Nvs5fzBLwdEF4nuxnFdsfajde4WfxtJr3CaiH+F6ewcIB/q4jQ4UzPyid+CQ==}
    hasBin: true
    dev: false

  /prettier@3.9.4:
    resolution: {integrity: sha512-yWG/o/4oJfo036EKAfK6ACAoDOfHeRHx4tuxkfBZiauURiaSmYwlpOr5LQqKtIkRD2z1PLteme2WoxEnj4tHTg==}
    engines: {node: '>=14'}
    hasBin: true
    dev: false

  /tree-sitter-cli@0.24.7:
    resolution: {integrity: sha512-o4gnE82pVmMMhJbWwD6+I9yr4lXii5Ci5qEQ2pFpUbVy1YiD8cizTJaqdcznA0qEbo7l2OneI1GocChPrI4YGQ==}
    engines: {node: '>=12.0.0'}
    hasBin: true
    dev: true

  /tree-sitter@0.21.1:
    resolution: {integrity: sha512-7dxoA6kYvtgWw80265MyqJlkRl4yawIjO7S5MigytjELkX43fV2WsAXzsNfO7sBpPPCF5Gp0+XzHk0DwLCq3xQ==}
    dependencies:
      node-addon-api: 8.9.0
      node-gyp-build: 4.8.4
    dev: false
